
Microsoft Visual Studio Solution File, Format Version 12.00
# Visual Studio Version 16
VisualStudioVersion = 16.0.30204.135
MinimumVisualStudioVersion = 10.0.40219.1
Project("{FAE04EC0-301F-11D3-BF4B-00C04F79EFBC}") = "PhonebookApplication", "PhonebookApplication.csproj", "{4C0CA98D-DE57-4F5E-AF61-8999C36480E7}"
EndProject
Project("{FAE04EC0-301F-11D3-BF4B-00C04F79EFBC}") = "PhoneApplication", "..\PhoneApplication\PhoneApplication.csproj", "{B46623E5-769C-4630-A178-6F9EBCB06AA4}"
EndProject
Global
	GlobalSection(SolutionConfigurationPlatforms) = preSolution
		Debug|Any CPU = Debug|Any CPU
		Release|Any CPU = Release|Any CPU
	EndGlobalSection
	GlobalSection(ProjectConfigurationPlatforms) = postSolution
		{4C0CA98D-DE57-4F5E-AF61-8999C36480E7}.Debug|Any CPU.ActiveCfg = Debug|Any CPU
		{4C0CA98D-DE57-4F5E-AF61-8999C36480E7}.Debug|Any CPU.Build.0 = Debug|Any CPU
		{4C0CA98D-DE57-4F5E-AF61-8999C36480E7}.Release|Any CPU.ActiveCfg = Release|Any CPU
		{4C0CA98D-DE57-4F5E-AF61-8999C36480E7}.Release|Any CPU.Build.0 = Release|Any CPU
		{B46623E5-769C-4630-A178-6F9EBCB06AA4}.Debug|Any CPU.ActiveCfg = Debug|Any CPU
		{B46623E5-769C-4630-A178-6F9EBCB06AA4}.Debug|Any CPU.Build.0 = Debug|Any CPU
		{B46623E5-769C-4630-A178-6F9EBCB06AA4}.Release|Any CPU.ActiveCfg = Release|Any CPU
		{B46623E5-769C-4630-A178-6F9EBCB06AA4}.Release|Any CPU.Build.0 = Release|Any CPU
	EndGlobalSection
	GlobalSection(SolutionProperties) = preSolution
		HideSolutionNode = FALSE
	EndGlobalSection
	GlobalSection(ExtensibilityGlobals) = postSolution
		SolutionGuid = {627902F5-17A1-450C-88AF-62840A8E4441}
	EndGlobalSection
EndGlobal
